{
  "name": "project",
  "version": "0.0.0",
  "lockfileVersion": 1,
  "requires": true,
  "dependencies": {
    "@vdian/img": {
      "version": "2.0.0",
      "resolved": "http://npm.idcvdian.com/@vdian/img/download/@vdian/img-2.0.0.tgz",
      "integrity": "sha1-it5arnLtI+4LtwR7lo14XA59u3c="
    },
    "@vdian/login": {
      "version": "0.5.2",
      "resolved": "http://npm.idcvdian.com/@vdian/login/download/@vdian/login-0.5.2.tgz",
      "integrity": "sha1-4CtYn9msT+HFlXH1/NGT34z8LHg="
    },
    "@vdian/vbuilder-cli": {
      "version": "3.7.26",
      "resolved": "http://npm.idcvdian.com/@vdian/vbuilder-cli/download/@vdian/vbuilder-cli-3.7.26.tgz",
      "integrity": "sha1-6ZQ1wiNnuTRxhBAAcdk1c9BUnPU=",
      "requires": {
        "check-module-latest": "1.0.0",
        "co": "4.6.0",
        "co-wait": "0.0.0",
        "commander": "2.19.0",
        "ensure-module-latest": "1.0.8",
        "fs-extra": "4.0.3"
      },
      "dependencies": {
        "commander": {
          "version": "2.19.0",
          "resolved": "http://npm.idcvdian.com/commander/download/commander-2.19.0.tgz",
          "integrity": "sha1-9hmKqE5bg8RgVLlN3tv+1e6f8So="
        },
        "fs-extra": {
          "version": "4.0.3",
          "resolved": "http://npm.idcvdian.com/fs-extra/download/fs-extra-4.0.3.tgz",
          "integrity": "sha1-DYUhIuW8W+tFP7Ao6cDJvzY0DJQ=",
          "requires": {
            "graceful-fs": "4.1.15",
            "jsonfile": "4.0.0",
            "universalify": "0.1.2"
          }
        },
        "graceful-fs": {
          "version": "4.1.15",
          "resolved": "http://npm.idcvdian.com/graceful-fs/download/graceful-fs-4.1.15.tgz",
          "integrity": "sha1-/7cD4QZuig7qpMi4C6klPu77+wA="
        },
        "jsonfile": {
          "version": "4.0.0",
          "resolved": "http://npm.idcvdian.com/jsonfile/download/jsonfile-4.0.0.tgz",
          "integrity": "sha1-h3Gq4HmbZAdrdmQPygWPnBDjPss=",
          "requires": {
            "graceful-fs": "4.1.15"
          }
        }
      }
    },
    "ansi-regex": {
      "version": "0.2.1",
      "resolved": "http://npm.idcvdian.com/ansi-regex/download/ansi-regex-0.2.1.tgz",
      "integrity": "sha1-DY6UaWej2BQ/k+JOKYUl/BsiNfk="
    },
    "ansi-styles": {
      "version": "1.1.0",
      "resolved": "http://npm.idcvdian.com/ansi-styles/download/ansi-styles-1.1.0.tgz",
      "integrity": "sha1-6uy/Zs1waIJ2Cy9GkVgrj1XXp94="
    },
    "atob": {
      "version": "2.1.2",
      "resolved": "http://npm.idcvdian.com/atob/download/atob-2.1.2.tgz",
      "integrity": "sha1-bZUX654DDSQ2ZmZR6GvZ9vE1M8k="
    },
    "axios": {
      "version": "0.18.0",
      "resolved": "http://npm.idcvdian.com/axios/download/axios-0.18.0.tgz",
      "integrity": "sha1-MtU+SFHv3AoRmTts0AB4nXDAUQI=",
      "requires": {
        "follow-redirects": "1.5.10",
        "is-buffer": "1.1.6"
      }
    },
    "balanced-match": {
      "version": "1.0.0",
      "resolved": "http://npm.idcvdian.com/balanced-match/download/balanced-match-1.0.0.tgz",
      "integrity": "sha1-ibTRmasr7kneFk6gK4nORi1xt2c="
    },
    "big.js": {
      "version": "3.2.0",
      "resolved": "http://npm.idcvdian.com/big.js/download/big.js-3.2.0.tgz",
      "integrity": "sha1-pfwpi4G54Nyi5FiCR4S2XFK6WI4="
    },
    "brace-expansion": {
      "version": "1.1.11",
      "resolved": "http://npm.idcvdian.com/brace-expansion/download/brace-expansion-1.1.11.tgz",
      "integrity": "sha1-PH/L9SnYcibz0vUrlm/1Jx60Qd0=",
      "requires": {
        "balanced-match": "1.0.0",
        "concat-map": "0.0.1"
      }
    },
    "chalk": {
      "version": "0.5.1",
      "resolved": "http://npm.idcvdian.com/chalk/download/chalk-0.5.1.tgz",
      "integrity": "sha1-Zjs6ZItotV0EaQ1JFnqoN4WPIXQ=",
      "requires": {
        "ansi-styles": "1.1.0",
        "escape-string-regexp": "1.0.5",
        "has-ansi": "0.1.0",
        "strip-ansi": "0.3.0",
        "supports-color": "0.2.0"
      }
    },
    "check-module-latest": {
      "version": "1.0.0",
      "resolved": "http://npm.idcvdian.com/check-module-latest/download/check-module-latest-1.0.0.tgz",
      "integrity": "sha1-JBtDv2lIrtatawjU2zIB2izp8TY=",
      "requires": {
        "commander": "2.19.0",
        "fs-extra": "4.0.3",
        "get-installed-path": "3.0.3",
        "get-npm-package-version": "1.0.6"
      },
      "dependencies": {
        "commander": {
          "version": "2.19.0",
          "resolved": "http://npm.idcvdian.com/commander/download/commander-2.19.0.tgz",
          "integrity": "sha1-9hmKqE5bg8RgVLlN3tv+1e6f8So="
        },
        "fs-extra": {
          "version": "4.0.3",
          "resolved": "http://npm.idcvdian.com/fs-extra/download/fs-extra-4.0.3.tgz",
          "integrity": "sha1-DYUhIuW8W+tFP7Ao6cDJvzY0DJQ=",
          "requires": {
            "graceful-fs": "4.1.15",
            "jsonfile": "4.0.0",
            "universalify": "0.1.2"
          }
        },
        "graceful-fs": {
          "version": "4.1.15",
          "resolved": "http://npm.idcvdian.com/graceful-fs/download/graceful-fs-4.1.15.tgz",
          "integrity": "sha1-/7cD4QZuig7qpMi4C6klPu77+wA="
        },
        "jsonfile": {
          "version": "4.0.0",
          "resolved": "http://npm.idcvdian.com/jsonfile/download/jsonfile-4.0.0.tgz",
          "integrity": "sha1-h3Gq4HmbZAdrdmQPygWPnBDjPss=",
          "requires": {
            "graceful-fs": "4.1.15"
          }
        }
      }
    },
    "clipboard": {
      "version": "2.0.4",
      "resolved": "https://registry.npmjs.org/clipboard/-/clipboard-2.0.4.tgz",
      "integrity": "sha512-Vw26VSLRpJfBofiVaFb/I8PVfdI1OxKcYShe6fm0sP/DtmiWQNCjhM/okTvdCo0G+lMMm1rMYbk4IK4x1X+kgQ==",
      "requires": {
        "good-listener": "1.2.2",
        "select": "1.1.2",
        "tiny-emitter": "2.0.2"
      }
    },
    "co": {
      "version": "4.6.0",
      "resolved": "http://npm.idcvdian.com/co/download/co-4.6.0.tgz",
      "integrity": "sha1-bqa989hTrlTMuOR7+gvz+QMfsYQ="
    },
    "co-wait": {
      "version": "0.0.0",
      "resolved": "http://npm.idcvdian.com/co-wait/download/co-wait-0.0.0.tgz",
      "integrity": "sha1-wiNyAyIY7b9u2RXkM1RsIeRFYos="
    },
    "commander": {
      "version": "2.6.0",
      "resolved": "http://npm.idcvdian.com/commander/download/commander-2.6.0.tgz",
      "integrity": "sha1-nfflL7Kgyw+4kFjugMMQQiXzfh0="
    },
    "concat-map": {
      "version": "0.0.1",
      "resolved": "http://npm.idcvdian.com/concat-map/download/concat-map-0.0.1.tgz",
      "integrity": "sha1-2Klr13/Wjfd5OnMDajug1UBdR3s="
    },
    "css": {
      "version": "2.2.4",
      "resolved": "http://npm.idcvdian.com/css/download/css-2.2.4.tgz",
      "integrity": "sha1-xkZ1XHOXHyu6amAeLPL9cbEpiSk=",
      "requires": {
        "inherits": "2.0.3",
        "source-map": "0.6.1",
        "source-map-resolve": "0.5.2",
        "urix": "0.1.0"
      }
    },
    "debug": {
      "version": "3.1.0",
      "resolved": "http://npm.idcvdian.com/debug/download/debug-3.1.0.tgz",
      "integrity": "sha1-W7WgZyYotkFJVmuhaBnmFRjGcmE=",
      "requires": {
        "ms": "2.0.0"
      }
    },
    "decode-uri-component": {
      "version": "0.2.0",
      "resolved": "http://npm.idcvdian.com/decode-uri-component/download/decode-uri-component-0.2.0.tgz",
      "integrity": "sha1-6zkTMzRYd1y4TNGh+uBiEGu4dUU="
    },
    "delegate": {
      "version": "3.2.0",
      "resolved": "https://registry.npmjs.org/delegate/-/delegate-3.2.0.tgz",
      "integrity": "sha512-IofjkYBZaZivn0V8nnsMJGBr4jVLxHDheKSW88PyxS5QC4Vo9ZbZVvhzlSxY87fVq3STR6r+4cGepyHkcWOQSw=="
    },
    "emojis-list": {
      "version": "2.1.0",
      "resolved": "http://npm.idcvdian.com/emojis-list/download/emojis-list-2.1.0.tgz",
      "integrity": "sha1-TapNnbAPmBmIDHn6RXrlsJof04k="
    },
    "ensure-module-latest": {
      "version": "1.0.8",
      "resolved": "http://npm.idcvdian.com/ensure-module-latest/download/ensure-module-latest-1.0.8.tgz",
      "integrity": "sha1-r6H0aIczaPNgsCTxh6/N1hxx5R8=",
      "requires": {
        "commander": "2.19.0",
        "fs-extra": "4.0.3",
        "get-installed-path": "3.0.3",
        "get-npm-package-version": "1.0.6"
      },
      "dependencies": {
        "commander": {
          "version": "2.19.0",
          "resolved": "http://npm.idcvdian.com/commander/download/commander-2.19.0.tgz",
          "integrity": "sha1-9hmKqE5bg8RgVLlN3tv+1e6f8So="
        },
        "fs-extra": {
          "version": "4.0.3",
          "resolved": "http://npm.idcvdian.com/fs-extra/download/fs-extra-4.0.3.tgz",
          "integrity": "sha1-DYUhIuW8W+tFP7Ao6cDJvzY0DJQ=",
          "requires": {
            "graceful-fs": "4.1.15",
            "jsonfile": "4.0.0",
            "universalify": "0.1.2"
          }
        },
        "graceful-fs": {
          "version": "4.1.15",
          "resolved": "http://npm.idcvdian.com/graceful-fs/download/graceful-fs-4.1.15.tgz",
          "integrity": "sha1-/7cD4QZuig7qpMi4C6klPu77+wA="
        },
        "jsonfile": {
          "version": "4.0.0",
          "resolved": "http://npm.idcvdian.com/jsonfile/download/jsonfile-4.0.0.tgz",
          "integrity": "sha1-h3Gq4HmbZAdrdmQPygWPnBDjPss=",
          "requires": {
            "graceful-fs": "4.1.15"
          }
        }
      }
    },
    "escape-string-regexp": {
      "version": "1.0.5",
      "resolved": "http://npm.idcvdian.com/escape-string-regexp/download/escape-string-regexp-1.0.5.tgz",
      "integrity": "sha1-G2HAViGQqN/2rjuyzwIAyhMLhtQ="
    },
    "expand-tilde": {
      "version": "2.0.2",
      "resolved": "http://npm.idcvdian.com/expand-tilde/download/expand-tilde-2.0.2.tgz",
      "integrity": "sha1-l+gBqgUt8CRU3kawK/YhZCzchQI=",
      "requires": {
        "homedir-polyfill": "1.0.1"
      }
    },
    "extend": {
      "version": "3.0.2",
      "resolved": "http://npm.idcvdian.com/extend/download/extend-3.0.2.tgz",
      "integrity": "sha1-+LETa0Bx+9jrFAr/hYsQGewpFfo="
    },
    "follow-redirects": {
      "version": "1.5.10",
      "resolved": "http://npm.idcvdian.com/follow-redirects/download/follow-redirects-1.5.10.tgz",
      "integrity": "sha1-e3qfmuov3/NnhqlP9kPtB/T/Xio=",
      "requires": {
        "debug": "3.1.0"
      }
    },
    "fs-extra": {
      "version": "0.16.5",
      "resolved": "http://npm.idcvdian.com/fs-extra/download/fs-extra-0.16.5.tgz",
      "integrity": "sha1-GtZh+myGyWCM0bSe/G/Og0k5p1A=",
      "requires": {
        "graceful-fs": "3.0.11",
        "jsonfile": "2.4.0",
        "rimraf": "2.6.2"
      }
    },
    "fs.realpath": {
      "version": "1.0.0",
      "resolved": "http://npm.idcvdian.com/fs.realpath/download/fs.realpath-1.0.0.tgz",
      "integrity": "sha1-FQStJSMVjKpA20onh8sBQRmU6k8="
    },
    "get-installed-path": {
      "version": "3.0.3",
      "resolved": "http://npm.idcvdian.com/get-installed-path/download/get-installed-path-3.0.3.tgz",
      "integrity": "sha1-hlnmmBYJPLAOJ4LAcvS376burLY=",
      "requires": {
        "global-modules": "1.0.0"
      }
    },
    "get-npm-package-version": {
      "version": "1.0.6",
      "resolved": "http://npm.idcvdian.com/get-npm-package-version/download/get-npm-package-version-1.0.6.tgz",
      "integrity": "sha1-XhrMzJbJQPgZlt7PsdIkr446gpc="
    },
    "glob": {
      "version": "7.1.3",
      "resolved": "http://npm.idcvdian.com/glob/download/glob-7.1.3.tgz",
      "integrity": "sha1-OWCDLT8VdBCDQtr9OmezMsCWnfE=",
      "requires": {
        "fs.realpath": "1.0.0",
        "inflight": "1.0.6",
        "inherits": "2.0.3",
        "minimatch": "3.0.4",
        "once": "1.4.0",
        "path-is-absolute": "1.0.1"
      }
    },
    "global-modules": {
      "version": "1.0.0",
      "resolved": "http://npm.idcvdian.com/global-modules/download/global-modules-1.0.0.tgz",
      "integrity": "sha1-bXcPDrUjrHgWTXK15xqIdyZcw+o=",
      "requires": {
        "global-prefix": "1.0.2",
        "is-windows": "1.0.2",
        "resolve-dir": "1.0.1"
      }
    },
    "global-prefix": {
      "version": "1.0.2",
      "resolved": "http://npm.idcvdian.com/global-prefix/download/global-prefix-1.0.2.tgz",
      "integrity": "sha1-2/dDxsFJklk8ZVVoy2btMsASLr4=",
      "requires": {
        "expand-tilde": "2.0.2",
        "homedir-polyfill": "1.0.1",
        "ini": "1.3.5",
        "is-windows": "1.0.2",
        "which": "1.3.1"
      }
    },
    "good-listener": {
      "version": "1.2.2",
      "resolved": "https://registry.npmjs.org/good-listener/-/good-listener-1.2.2.tgz",
      "integrity": "sha1-1TswzfkxPf+33JoNR3CWqm0UXFA=",
      "requires": {
        "delegate": "3.2.0"
      }
    },
    "graceful-fs": {
      "version": "3.0.11",
      "resolved": "http://npm.idcvdian.com/graceful-fs/download/graceful-fs-3.0.11.tgz",
      "integrity": "sha1-dhPHeKGv6mLyXGMKCG1/Osu92Bg=",
      "requires": {
        "natives": "1.1.6"
      }
    },
    "has-ansi": {
      "version": "0.1.0",
      "resolved": "http://npm.idcvdian.com/has-ansi/download/has-ansi-0.1.0.tgz",
      "integrity": "sha1-hPJlqujA5qiKEtcCKJS3VoiUxi4=",
      "requires": {
        "ansi-regex": "0.2.1"
      }
    },
    "homedir-polyfill": {
      "version": "1.0.1",
      "resolved": "http://npm.idcvdian.com/homedir-polyfill/download/homedir-polyfill-1.0.1.tgz",
      "integrity": "sha1-TCu8inWJmP7r9e1oWA921GdotLw=",
      "requires": {
        "parse-passwd": "1.0.0"
      }
    },
    "inflight": {
      "version": "1.0.6",
      "resolved": "http://npm.idcvdian.com/inflight/download/inflight-1.0.6.tgz",
      "integrity": "sha1-Sb1jMdfQLQwJvJEKEHW6gWW1bfk=",
      "requires": {
        "once": "1.4.0",
        "wrappy": "1.0.2"
      }
    },
    "inherits": {
      "version": "2.0.3",
      "resolved": "http://npm.idcvdian.com/inherits/download/inherits-2.0.3.tgz",
      "integrity": "sha1-Yzwsg+PaQqUC9SRmAiSA9CCCYd4="
    },
    "ini": {
      "version": "1.3.5",
      "resolved": "http://npm.idcvdian.com/ini/download/ini-1.3.5.tgz",
      "integrity": "sha1-7uJfVtscnsYIXgwid4CD9Zar+Sc="
    },
    "is-buffer": {
      "version": "1.1.6",
      "resolved": "http://npm.idcvdian.com/is-buffer/download/is-buffer-1.1.6.tgz",
      "integrity": "sha1-76ouqdqg16suoTqXsritUf776L4="
    },
    "is-windows": {
      "version": "1.0.2",
      "resolved": "http://npm.idcvdian.com/is-windows/download/is-windows-1.0.2.tgz",
      "integrity": "sha1-0YUOuXkezRjmGCzhKjDzlmNLsZ0="
    },
    "isexe": {
      "version": "2.0.0",
      "resolved": "http://npm.idcvdian.com/isexe/download/isexe-2.0.0.tgz",
      "integrity": "sha1-6PvzdNxVb/iUehDcsFctYz8s+hA="
    },
    "js-cookie": {
      "version": "2.2.0",
      "resolved": "https://registry.npmjs.org/js-cookie/-/js-cookie-2.2.0.tgz",
      "integrity": "sha1-Gywnmm7s44ChIWi5JIUmWzWx7/s="
    },
    "json5": {
      "version": "0.5.1",
      "resolved": "http://npm.idcvdian.com/json5/download/json5-0.5.1.tgz",
      "integrity": "sha1-Hq3nrMASA0rYTiOWdn6tn6VJWCE="
    },
    "jsonfile": {
      "version": "2.4.0",
      "resolved": "http://npm.idcvdian.com/jsonfile/download/jsonfile-2.4.0.tgz",
      "integrity": "sha1-NzaitCi4e72gzIO1P6PWM6NcKug=",
      "requires": {
        "graceful-fs": "4.1.15"
      },
      "dependencies": {
        "graceful-fs": {
          "version": "4.1.15",
          "resolved": "http://npm.idcvdian.com/graceful-fs/download/graceful-fs-4.1.15.tgz",
          "integrity": "sha1-/7cD4QZuig7qpMi4C6klPu77+wA=",
          "optional": true
        }
      }
    },
    "loader-utils": {
      "version": "1.1.0",
      "resolved": "http://npm.idcvdian.com/loader-utils/download/loader-utils-1.1.0.tgz",
      "integrity": "sha1-yYrvSIvM7aL/teLeZG1qdUQp9c0=",
      "requires": {
        "big.js": "3.2.0",
        "emojis-list": "2.1.0",
        "json5": "0.5.1"
      }
    },
    "minimatch": {
      "version": "3.0.4",
      "resolved": "http://npm.idcvdian.com/minimatch/download/minimatch-3.0.4.tgz",
      "integrity": "sha1-UWbihkV/AzBgZL5Ul+jbsMPTIIM=",
      "requires": {
        "brace-expansion": "1.1.11"
      }
    },
    "ms": {
      "version": "2.0.0",
      "resolved": "http://npm.idcvdian.com/ms/download/ms-2.0.0.tgz",
      "integrity": "sha1-VgiurfwAvmwpAd9fmGF4jeDVl8g="
    },
    "natives": {
      "version": "1.1.6",
      "resolved": "http://npm.idcvdian.com/natives/download/natives-1.1.6.tgz",
      "integrity": "sha1-pgO0pJirdxc2ErnqGs3sTZgPALs="
    },
    "once": {
      "version": "1.4.0",
      "resolved": "http://npm.idcvdian.com/once/download/once-1.4.0.tgz",
      "integrity": "sha1-WDsap3WWHUsROsF9nFC6753Xa9E=",
      "requires": {
        "wrappy": "1.0.2"
      }
    },
    "parse-passwd": {
      "version": "1.0.0",
      "resolved": "http://npm.idcvdian.com/parse-passwd/download/parse-passwd-1.0.0.tgz",
      "integrity": "sha1-bVuTSkVpk7I9N/QKOC1vFmao5cY="
    },
    "path-is-absolute": {
      "version": "1.0.1",
      "resolved": "http://npm.idcvdian.com/path-is-absolute/download/path-is-absolute-1.0.1.tgz",
      "integrity": "sha1-F0uSaHNVNP+8es5r9TpanhtcX18="
    },
    "px2rem": {
      "version": "0.5.0",
      "resolved": "http://npm.idcvdian.com/px2rem/download/px2rem-0.5.0.tgz",
      "integrity": "sha1-JLOmz3TRSttO13byB4cdmJPkEOI=",
      "requires": {
        "chalk": "0.5.1",
        "commander": "2.6.0",
        "css": "2.2.4",
        "extend": "3.0.2",
        "fs-extra": "0.16.5"
      }
    },
    "px2rem-loader": {
      "version": "0.1.9",
      "resolved": "http://npm.idcvdian.com/px2rem-loader/download/px2rem-loader-0.1.9.tgz",
      "integrity": "sha1-yPK/i+i5prQ6X2fRSy/r4RYOVqA=",
      "requires": {
        "loader-utils": "1.1.0",
        "px2rem": "0.5.0"
      }
    },
    "qs": {
      "version": "6.6.0",
      "resolved": "http://npm.idcvdian.com/qs/download/qs-6.6.0.tgz",
      "integrity": "sha1-qZwPaajSa/fvAS+HHNq7Cu5EJMI="
    },
    "resolve-dir": {
      "version": "1.0.1",
      "resolved": "http://npm.idcvdian.com/resolve-dir/download/resolve-dir-1.0.1.tgz",
      "integrity": "sha1-eaQGRMNivoLybv/nOcm7U4IEb0M=",
      "requires": {
        "expand-tilde": "2.0.2",
        "global-modules": "1.0.0"
      }
    },
    "resolve-url": {
      "version": "0.2.1",
      "resolved": "http://npm.idcvdian.com/resolve-url/download/resolve-url-0.2.1.tgz",
      "integrity": "sha1-LGN/53yJOv0qZj/iGqkIAGjiBSo="
    },
    "rimraf": {
      "version": "2.6.2",
      "resolved": "http://npm.idcvdian.com/rimraf/download/rimraf-2.6.2.tgz",
      "integrity": "sha1-LtgVDSShbqhlHm1u8PR8QVjOejY=",
      "requires": {
        "glob": "7.1.3"
      }
    },
    "select": {
      "version": "1.1.2",
      "resolved": "https://registry.npmjs.org/select/-/select-1.1.2.tgz",
      "integrity": "sha1-DnNQrN7ICxEIUoeG7B1EGNEbOW0="
    },
    "source-map": {
      "version": "0.6.1",
      "resolved": "http://npm.idcvdian.com/source-map/download/source-map-0.6.1.tgz",
      "integrity": "sha1-dHIq8y6WFOnCh6jQu95IteLxomM="
    },
    "source-map-resolve": {
      "version": "0.5.2",
      "resolved": "http://npm.idcvdian.com/source-map-resolve/download/source-map-resolve-0.5.2.tgz",
      "integrity": "sha1-cuLMNAlVQ+Q7LGKyxMENSpBU8lk=",
      "requires": {
        "atob": "2.1.2",
        "decode-uri-component": "0.2.0",
        "resolve-url": "0.2.1",
        "source-map-url": "0.4.0",
        "urix": "0.1.0"
      }
    },
    "source-map-url": {
      "version": "0.4.0",
      "resolved": "http://npm.idcvdian.com/source-map-url/download/source-map-url-0.4.0.tgz",
      "integrity": "sha1-PpNdfd1zYxuXZZlW1VEo6HtQhKM="
    },
    "strip-ansi": {
      "version": "0.3.0",
      "resolved": "http://npm.idcvdian.com/strip-ansi/download/strip-ansi-0.3.0.tgz",
      "integrity": "sha1-JfSOoiynkYfzF0pNuHWTR7sSYiA=",
      "requires": {
        "ansi-regex": "0.2.1"
      }
    },
    "supports-color": {
      "version": "0.2.0",
      "resolved": "http://npm.idcvdian.com/supports-color/download/supports-color-0.2.0.tgz",
      "integrity": "sha1-2S3iaU6z9nMjlz1649i1W0wiGQo="
    },
    "tiny-emitter": {
      "version": "2.0.2",
      "resolved": "https://registry.npmjs.org/tiny-emitter/-/tiny-emitter-2.0.2.tgz",
      "integrity": "sha512-2NM0auVBGft5tee/OxP4PI3d8WItkDM+fPnaRAVo6xTDI2knbz9eC5ArWGqtGlYqiH3RU5yMpdyTTO7MguC4ow=="
    },
    "universalify": {
      "version": "0.1.2",
      "resolved": "http://npm.idcvdian.com/universalify/download/universalify-0.1.2.tgz",
      "integrity": "sha1-tkb2m+OULavOzJ1mOcgNwQXvqmY="
    },
    "urix": {
      "version": "0.1.0",
      "resolved": "http://npm.idcvdian.com/urix/download/urix-0.1.0.tgz",
      "integrity": "sha1-2pN/emLiH+wf0Y1Js1wpNQZ6bHI="
    },
    "vue-router": {
      "version": "3.0.2",
      "resolved": "https://registry.npmjs.org/vue-router/-/vue-router-3.0.2.tgz",
      "integrity": "sha512-opKtsxjp9eOcFWdp6xLQPLmRGgfM932Tl56U9chYTnoWqKxQ8M20N7AkdEbM5beUh6wICoFGYugAX9vQjyJLFg=="
    },
    "wdui": {
      "version": "0.7.4",
      "resolved": "https://registry.npmjs.org/wdui/-/wdui-0.7.4.tgz",
      "integrity": "sha512-iJGLeZoBS/RZlFMpK29LFSo1KIll5e3Uj4jp1NqhBj/M17z9E5r5li/DpQSwMd6czv1TPRsB/xdLVx+wN4DKkg=="
    },
    "which": {
      "version": "1.3.1",
      "resolved": "http://npm.idcvdian.com/which/download/which-1.3.1.tgz",
      "integrity": "sha1-pFBD1U9YBTFtqNYvn1CRjT2nCwo=",
      "requires": {
        "isexe": "2.0.0"
      }
    },
    "wrappy": {
      "version": "1.0.2",
      "resolved": "http://npm.idcvdian.com/wrappy/download/wrappy-1.0.2.tgz",
      "integrity": "sha1-tSQ9jz7BqjXxNkYFvA0QNuMKtp8="
    }
  }
}
